
Microsoft Visual Studio Solution File, Format Version 12.00
# Visual Studio 2013
VisualStudioVersion = 12.0.21005.1
MinimumVisualStudioVersion = 10.0.40219.1
Project("{FAE04EC0-301F-11D3-BF4B-00C04F79EFBC}") = "Dojo4net", "Dojo4net\Dojo4net.csproj", "{AD174FB3-5180-4E29-A4D3-6B491E0332DF}"
EndProject
Project("{FAE04EC0-301F-11D3-BF4B-00C04F79EFBC}") = "MathParser.Tests", "MathParser.Tests\MathParser.Tests.csproj", "{02EBF96F-AB50-46E5-9903-B271D3DE133A}"
EndProject
Project("{FAE04EC0-301F-11D3-BF4B-00C04F79EFBC}") = "MathParser", "MathParser\MathParser.csproj", "{AFBD3214-92A4-46FB-9D7D-033C9BA7BAD5}"
EndProject
Project("{FAE04EC0-301F-11D3-BF4B-00C04F79EFBC}") = "TaskScheduler.Tests", "TaskScheduler.Tests\TaskScheduler.Tests.csproj", "{0A24A31C-6D48-4306-93F5-74163987A878}"
EndProject
Project("{FAE04EC0-301F-11D3-BF4B-00C04F79EFBC}") = "TaskScheduler", "TaskScheduler\TaskScheduler.csproj", "{AB3102CF-DE4B-42E7-8DC6-63D72CF9A8A5}"
EndProject
Project("{FAE04EC0-301F-11D3-BF4B-00C04F79EFBC}") = "GraphicEditor", "GraphicEditor\GraphicEditor.csproj", "{00E9E860-0673-4EED-868D-ACAB2EFFBCB2}"
EndProject
Project("{FAE04EC0-301F-11D3-BF4B-00C04F79EFBC}") = "GraphicEditor.Tests", "GraphicEditor.Tests\GraphicEditor.Tests.csproj", "{05FF234F-FB4D-4C51-8EF3-D707FF450848}"
EndProject
Global
	GlobalSection(SolutionConfigurationPlatforms) = preSolution
		Debug|Any CPU = Debug|Any CPU
		Release|Any CPU = Release|Any CPU
	EndGlobalSection
	GlobalSection(ProjectConfigurationPlatforms) = postSolution
		{AD174FB3-5180-4E29-A4D3-6B491E0332DF}.Debug|Any CPU.ActiveCfg = Debug|Any CPU
		{AD174FB3-5180-4E29-A4D3-6B491E0332DF}.Debug|Any CPU.Build.0 = Debug|Any CPU
		{AD174FB3-5180-4E29-A4D3-6B491E0332DF}.Release|Any CPU.ActiveCfg = Release|Any CPU
		{AD174FB3-5180-4E29-A4D3-6B491E0332DF}.Release|Any CPU.Build.0 = Release|Any CPU
		{02EBF96F-AB50-46E5-9903-B271D3DE133A}.Debug|Any CPU.ActiveCfg = Debug|Any CPU
		{02EBF96F-AB50-46E5-9903-B271D3DE133A}.Debug|Any CPU.Build.0 = Debug|Any CPU
		{02EBF96F-AB50-46E5-9903-B271D3DE133A}.Release|Any CPU.ActiveCfg = Release|Any CPU
		{02EBF96F-AB50-46E5-9903-B271D3DE133A}.Release|Any CPU.Build.0 = Release|Any CPU
		{AFBD3214-92A4-46FB-9D7D-033C9BA7BAD5}.Debug|Any CPU.ActiveCfg = Debug|Any CPU
		{AFBD3214-92A4-46FB-9D7D-033C9BA7BAD5}.Debug|Any CPU.Build.0 = Debug|Any CPU
		{AFBD3214-92A4-46FB-9D7D-033C9BA7BAD5}.Release|Any CPU.ActiveCfg = Release|Any CPU
		{AFBD3214-92A4-46FB-9D7D-033C9BA7BAD5}.Release|Any CPU.Build.0 = Release|Any CPU
		{0A24A31C-6D48-4306-93F5-74163987A878}.Debug|Any CPU.ActiveCfg = Debug|Any CPU
		{0A24A31C-6D48-4306-93F5-74163987A878}.Debug|Any CPU.Build.0 = Debug|Any CPU
		{0A24A31C-6D48-4306-93F5-74163987A878}.Release|Any CPU.ActiveCfg = Release|Any CPU
		{0A24A31C-6D48-4306-93F5-74163987A878}.Release|Any CPU.Build.0 = Release|Any CPU
		{AB3102CF-DE4B-42E7-8DC6-63D72CF9A8A5}.Debug|Any CPU.ActiveCfg = Debug|Any CPU
		{AB3102CF-DE4B-42E7-8DC6-63D72CF9A8A5}.Debug|Any CPU.Build.0 = Debug|Any CPU
		{AB3102CF-DE4B-42E7-8DC6-63D72CF9A8A5}.Release|Any CPU.ActiveCfg = Release|Any CPU
		{AB3102CF-DE4B-42E7-8DC6-63D72CF9A8A5}.Release|Any CPU.Build.0 = Release|Any CPU
		{00E9E860-0673-4EED-868D-ACAB2EFFBCB2}.Debug|Any CPU.ActiveCfg = Debug|Any CPU
		{00E9E860-0673-4EED-868D-ACAB2EFFBCB2}.Debug|Any CPU.Build.0 = Debug|Any CPU
		{00E9E860-0673-4EED-868D-ACAB2EFFBCB2}.Release|Any CPU.ActiveCfg = Release|Any CPU
		{00E9E860-0673-4EED-868D-ACAB2EFFBCB2}.Release|Any CPU.Build.0 = Release|Any CPU
		{05FF234F-FB4D-4C51-8EF3-D707FF450848}.Debug|Any CPU.ActiveCfg = Debug|Any CPU
		{05FF234F-FB4D-4C51-8EF3-D707FF450848}.Debug|Any CPU.Build.0 = Debug|Any CPU
		{05FF234F-FB4D-4C51-8EF3-D707FF450848}.Release|Any CPU.ActiveCfg = Release|Any CPU
		{05FF234F-FB4D-4C51-8EF3-D707FF450848}.Release|Any CPU.Build.0 = Release|Any CPU
	EndGlobalSection
	GlobalSection(SolutionProperties) = preSolution
		HideSolutionNode = FALSE
	EndGlobalSection
EndGlobal
